{
  "object": {
    "pins": [
      {
        "package": "CoreGraphicsExtensions",
        "repositoryURL": "https://github.com/benspratling4/CoreGraphicsExtensions.git",
        "state": {
          "branch": null,
          "revision": "d897def4f9860675bd8f1bdb074363886e3fc548",
          "version": "0.2.0"
        }
      }
    ]
  },
  "version": 1
}
